
Microsoft Visual Studio Solution File, Format Version 12.00
# Visual Studio Version 16
VisualStudioVersion = 16.0.34931.43
MinimumVisualStudioVersion = 10.0.40219.1
Project("{FAE04EC0-301F-11D3-BF4B-00C04F79EFBC}") = "Hostel Management System", "Hostel Management System\Hostel Management System.csproj", "{C3266358-C71D-4C84-908A-AA901BA9DD7A}"
EndProject
Global
	GlobalSection(SolutionConfigurationPlatforms) = preSolution
		Debug|Any CPU = Debug|Any CPU
		Release|Any CPU = Release|Any CPU
	EndGlobalSection
	GlobalSection(ProjectConfigurationPlatforms) = postSolution
		{C3266358-C71D-4C84-908A-AA901BA9DD7A}.Debug|Any CPU.ActiveCfg = Debug|Any CPU
		{C3266358-C71D-4C84-908A-AA901BA9DD7A}.Debug|Any CPU.Build.0 = Debug|Any CPU
		{C3266358-C71D-4C84-908A-AA901BA9DD7A}.Release|Any CPU.ActiveCfg = Release|Any CPU
		{C3266358-C71D-4C84-908A-AA901BA9DD7A}.Release|Any CPU.Build.0 = Release|Any CPU
	EndGlobalSection
	GlobalSection(SolutionProperties) = preSolution
		HideSolutionNode = FALSE
	EndGlobalSection
	GlobalSection(ExtensibilityGlobals) = postSolution
		SolutionGuid = {89E33E5A-A7A7-41C0-AA46-4A0DEF083111}
	EndGlobalSection
EndGlobal
